
Microsoft Visual Studio Solution File, Format Version 12.00
# Visual Studio 15
VisualStudioVersion = 15.0.27130.2026
MinimumVisualStudioVersion = 10.0.40219.1
Project("{FAE04EC0-301F-11D3-BF4B-00C04F79EFBC}") = "TestdomeLib", "TestdomeLib\TestdomeLib.csproj", "{A84052E8-F690-4E2A-BCB4-7CF8981A822E}"
EndProject
Global
	GlobalSection(SolutionConfigurationPlatforms) = preSolution
		Debug|Any CPU = Debug|Any CPU
		Release|Any CPU = Release|Any CPU
	EndGlobalSection
	GlobalSection(ProjectConfigurationPlatforms) = postSolution
		{A84052E8-F690-4E2A-BCB4-7CF8981A822E}.Debug|Any CPU.ActiveCfg = Debug|Any CPU
		{A84052E8-F690-4E2A-BCB4-7CF8981A822E}.Debug|Any CPU.Build.0 = Debug|Any CPU
		{A84052E8-F690-4E2A-BCB4-7CF8981A822E}.Release|Any CPU.ActiveCfg = Release|Any CPU
		{A84052E8-F690-4E2A-BCB4-7CF8981A822E}.Release|Any CPU.Build.0 = Release|Any CPU
	EndGlobalSection
	GlobalSection(SolutionProperties) = preSolution
		HideSolutionNode = FALSE
	EndGlobalSection
	GlobalSection(ExtensibilityGlobals) = postSolution
		SolutionGuid = {BC654E75-FC4C-492B-B243-A8D3475167F1}
	EndGlobalSection
EndGlobal
